
Microsoft Visual Studio Solution File, Format Version 12.00
# Visual Studio Version 16
VisualStudioVersion = 16.0.29926.136
MinimumVisualStudioVersion = 10.0.40219.1
Project("{FAE04EC0-301F-11D3-BF4B-00C04F79EFBC}") = "Desktop.Application", "Desktop.Application\Desktop.Application.csproj", "{541C7322-497F-4FA4-9386-BD3285604023}"
EndProject
Project("{FAE04EC0-301F-11D3-BF4B-00C04F79EFBC}") = "Desktop.Infrastructure", "Desktop.Infrastructure\Desktop.Infrastructure.csproj", "{18183C35-4B0A-477E-AFE8-FE665C0BFEBB}"
EndProject
Project("{FAE04EC0-301F-11D3-BF4B-00C04F79EFBC}") = "Desktop.Presentation", "Desktop.Presentation\Desktop.Presentation.csproj", "{F867266E-5EFE-409A-8636-5B833CBF0331}"
EndProject
Project("{FAE04EC0-301F-11D3-BF4B-00C04F79EFBC}") = "Desktop.WpfApp", "Desktop.WpfApp\Desktop.WpfApp.csproj", "{32D5190E-FED3-4087-A86F-6E2A0D88C7FB}"
EndProject
Global
	GlobalSection(SolutionConfigurationPlatforms) = preSolution
		Debug|Any CPU = Debug|Any CPU
		Release|Any CPU = Release|Any CPU
	EndGlobalSection
	GlobalSection(ProjectConfigurationPlatforms) = postSolution
		{541C7322-497F-4FA4-9386-BD3285604023}.Debug|Any CPU.ActiveCfg = Debug|Any CPU
		{541C7322-497F-4FA4-9386-BD3285604023}.Debug|Any CPU.Build.0 = Debug|Any CPU
		{541C7322-497F-4FA4-9386-BD3285604023}.Release|Any CPU.ActiveCfg = Release|Any CPU
		{541C7322-497F-4FA4-9386-BD3285604023}.Release|Any CPU.Build.0 = Release|Any CPU
		{18183C35-4B0A-477E-AFE8-FE665C0BFEBB}.Debug|Any CPU.ActiveCfg = Debug|Any CPU
		{18183C35-4B0A-477E-AFE8-FE665C0BFEBB}.Debug|Any CPU.Build.0 = Debug|Any CPU
		{18183C35-4B0A-477E-AFE8-FE665C0BFEBB}.Release|Any CPU.ActiveCfg = Release|Any CPU
		{18183C35-4B0A-477E-AFE8-FE665C0BFEBB}.Release|Any CPU.Build.0 = Release|Any CPU
		{F867266E-5EFE-409A-8636-5B833CBF0331}.Debug|Any CPU.ActiveCfg = Debug|Any CPU
		{F867266E-5EFE-409A-8636-5B833CBF0331}.Debug|Any CPU.Build.0 = Debug|Any CPU
		{F867266E-5EFE-409A-8636-5B833CBF0331}.Release|Any CPU.ActiveCfg = Release|Any CPU
		{F867266E-5EFE-409A-8636-5B833CBF0331}.Release|Any CPU.Build.0 = Release|Any CPU
		{32D5190E-FED3-4087-A86F-6E2A0D88C7FB}.Debug|Any CPU.ActiveCfg = Debug|Any CPU
		{32D5190E-FED3-4087-A86F-6E2A0D88C7FB}.Debug|Any CPU.Build.0 = Debug|Any CPU
		{32D5190E-FED3-4087-A86F-6E2A0D88C7FB}.Release|Any CPU.ActiveCfg = Release|Any CPU
		{32D5190E-FED3-4087-A86F-6E2A0D88C7FB}.Release|Any CPU.Build.0 = Release|Any CPU
	EndGlobalSection
	GlobalSection(SolutionProperties) = preSolution
		HideSolutionNode = FALSE
	EndGlobalSection
	GlobalSection(ExtensibilityGlobals) = postSolution
		SolutionGuid = {B2AD0408-2479-4924-A987-35B2C8341256}
	EndGlobalSection
EndGlobal
